
Microsoft Visual Studio Solution File, Format Version 12.00
# Visual Studio Version 16
VisualStudioVersion = 16.0.32106.194
MinimumVisualStudioVersion = 10.0.40219.1
Project("{FAE04EC0-301F-11D3-BF4B-00C04F79EFBC}") = "QLNS_TinhVanSoftWare", "QLNS_TinhVanSoftWare\QLNS_TinhVanSoftWare.csproj", "{86A603D6-CC0D-4042-A3D9-44949B379363}"
EndProject
Global
	GlobalSection(SolutionConfigurationPlatforms) = preSolution
		Debug|Any CPU = Debug|Any CPU
		Release|Any CPU = Release|Any CPU
	EndGlobalSection
	GlobalSection(ProjectConfigurationPlatforms) = postSolution
		{86A603D6-CC0D-4042-A3D9-44949B379363}.Debug|Any CPU.ActiveCfg = Debug|Any CPU
		{86A603D6-CC0D-4042-A3D9-44949B379363}.Debug|Any CPU.Build.0 = Debug|Any CPU
		{86A603D6-CC0D-4042-A3D9-44949B379363}.Release|Any CPU.ActiveCfg = Release|Any CPU
		{86A603D6-CC0D-4042-A3D9-44949B379363}.Release|Any CPU.Build.0 = Release|Any CPU
	EndGlobalSection
	GlobalSection(SolutionProperties) = preSolution
		HideSolutionNode = FALSE
	EndGlobalSection
	GlobalSection(ExtensibilityGlobals) = postSolution
		SolutionGuid = {4D19F69C-CE7E-4B34-BCC3-06A4C3A53979}
	EndGlobalSection
EndGlobal
